{
  "name": "ibm-2021",
  "lockfileVersion": 2,
  "requires": true,
  "packages": {
    "": {
      "dependencies": {
        "expo-sharing": "^9.2.1"
      }
    },
    "node_modules/expo-modules-core": {
      "version": "0.2.0",
      "resolved": "https://registry.npmjs.org/expo-modules-core/-/expo-modules-core-0.2.0.tgz",
      "integrity": "sha512-inpfZ5X/BaTtbj2wG9PA9AC0MN8VyId6KSRlVuEg7+ziurHBy/kKDFxpOddUokhwiln2uhoYPSStJjR/tKypdw=="
    },
    "node_modules/expo-sharing": {
      "version": "9.2.1",
      "resolved": "https://registry.npmjs.org/expo-sharing/-/expo-sharing-9.2.1.tgz",
      "integrity": "sha512-L0OR7qq8GJRKEFDMPrStc9UxVdOr3XRGMuK3vO2qgQgU3CCSb5QE5lHRdp4DFyJd22ILZqwL+3ghiUtFQD0eig==",
      "dependencies": {
        "expo-modules-core": "~0.2.0"
      }
    }
  },
  "dependencies": {
    "expo-modules-core": {
      "version": "0.2.0",
      "resolved": "https://registry.npmjs.org/expo-modules-core/-/expo-modules-core-0.2.0.tgz",
      "integrity": "sha512-inpfZ5X/BaTtbj2wG9PA9AC0MN8VyId6KSRlVuEg7+ziurHBy/kKDFxpOddUokhwiln2uhoYPSStJjR/tKypdw=="
    },
    "expo-sharing": {
      "version": "9.2.1",
      "resolved": "https://registry.npmjs.org/expo-sharing/-/expo-sharing-9.2.1.tgz",
      "integrity": "sha512-L0OR7qq8GJRKEFDMPrStc9UxVdOr3XRGMuK3vO2qgQgU3CCSb5QE5lHRdp4DFyJd22ILZqwL+3ghiUtFQD0eig==",
      "requires": {
        "expo-modules-core": "~0.2.0"
      }
    }
  }
}
